
Microsoft Visual Studio Solution File, Format Version 12.00
# Visual Studio Version 17
VisualStudioVersion = 17.0.31903.59
MinimumVisualStudioVersion = 10.0.40219.1
Project("{FAE04EC0-301F-11D3-BF4B-00C04F79EFBC}") = "Demo", "Demo\Demo.csproj", "{462742C5-875A-4032-A852-3781BA6CF661}"
EndProject
Project("{FAE04EC0-301F-11D3-BF4B-00C04F79EFBC}") = "MenuComponentLibrary", "MenuComponentLibrary\MenuComponentLibrary.csproj", "{7227CBA1-4184-477F-9B42-B0910AFC013E}"
EndProject
Global
	GlobalSection(SolutionConfigurationPlatforms) = preSolution
		Debug|Any CPU = Debug|Any CPU
		Release|Any CPU = Release|Any CPU
	EndGlobalSection
	GlobalSection(ProjectConfigurationPlatforms) = postSolution
		{462742C5-875A-4032-A852-3781BA6CF661}.Debug|Any CPU.ActiveCfg = Debug|Any CPU
		{462742C5-875A-4032-A852-3781BA6CF661}.Debug|Any CPU.Build.0 = Debug|Any CPU
		{462742C5-875A-4032-A852-3781BA6CF661}.Release|Any CPU.ActiveCfg = Release|Any CPU
		{462742C5-875A-4032-A852-3781BA6CF661}.Release|Any CPU.Build.0 = Release|Any CPU
		{7227CBA1-4184-477F-9B42-B0910AFC013E}.Debug|Any CPU.ActiveCfg = Debug|Any CPU
		{7227CBA1-4184-477F-9B42-B0910AFC013E}.Debug|Any CPU.Build.0 = Debug|Any CPU
		{7227CBA1-4184-477F-9B42-B0910AFC013E}.Release|Any CPU.ActiveCfg = Release|Any CPU
		{7227CBA1-4184-477F-9B42-B0910AFC013E}.Release|Any CPU.Build.0 = Release|Any CPU
	EndGlobalSection
	GlobalSection(SolutionProperties) = preSolution
		HideSolutionNode = FALSE
	EndGlobalSection
	GlobalSection(ExtensibilityGlobals) = postSolution
		SolutionGuid = {BE1A54BA-4636-4EA3-93AB-576192026C0B}
	EndGlobalSection
EndGlobal
